
Microsoft Visual Studio Solution File, Format Version 12.00
# Visual Studio Version 17
VisualStudioVersion = 17.14.36414.22 d17.14
MinimumVisualStudioVersion = 10.0.40219.1
Project("{8BC9CEB8-8B4A-11D0-8D11-00A0C91BC942}") = "lab3_bogdashkin", "lab3_bogdashkin.vcxproj", "{1CA92DF1-1BED-4F2B-8076-C68F2DB8DCA3}"
EndProject
Global
	GlobalSection(SolutionConfigurationPlatforms) = preSolution
		Debug|x64 = Debug|x64
		Debug|x86 = Debug|x86
		Release|x64 = Release|x64
		Release|x86 = Release|x86
	EndGlobalSection
	GlobalSection(ProjectConfigurationPlatforms) = postSolution
		{1CA92DF1-1BED-4F2B-8076-C68F2DB8DCA3}.Debug|x64.ActiveCfg = Debug|x64
		{1CA92DF1-1BED-4F2B-8076-C68F2DB8DCA3}.Debug|x64.Build.0 = Debug|x64
		{1CA92DF1-1BED-4F2B-8076-C68F2DB8DCA3}.Debug|x86.ActiveCfg = Debug|Win32
		{1CA92DF1-1BED-4F2B-8076-C68F2DB8DCA3}.Debug|x86.Build.0 = Debug|Win32
		{1CA92DF1-1BED-4F2B-8076-C68F2DB8DCA3}.Release|x64.ActiveCfg = Release|x64
		{1CA92DF1-1BED-4F2B-8076-C68F2DB8DCA3}.Release|x64.Build.0 = Release|x64
		{1CA92DF1-1BED-4F2B-8076-C68F2DB8DCA3}.Release|x86.ActiveCfg = Release|Win32
		{1CA92DF1-1BED-4F2B-8076-C68F2DB8DCA3}.Release|x86.Build.0 = Release|Win32
	EndGlobalSection
	GlobalSection(SolutionProperties) = preSolution
		HideSolutionNode = FALSE
	EndGlobalSection
	GlobalSection(ExtensibilityGlobals) = postSolution
		SolutionGuid = {8EDEF64C-91F2-4124-8D6B-AF1D02BD00DF}
	EndGlobalSection
EndGlobal
